
Microsoft Visual Studio Solution File, Format Version 12.00
# Visual Studio Version 16
VisualStudioVersion = 16.0.29009.5
MinimumVisualStudioVersion = 10.0.40219.1
Project("{FAE04EC0-301F-11D3-BF4B-00C04F79EFBC}") = "Student Distribution", "Student Distribution\Student Distribution.csproj", "{C5716B9B-EBF6-4E68-864B-E741FB7415D0}"
EndProject
Global
	GlobalSection(SolutionConfigurationPlatforms) = preSolution
		Debug|Any CPU = Debug|Any CPU
		Release|Any CPU = Release|Any CPU
	EndGlobalSection
	GlobalSection(ProjectConfigurationPlatforms) = postSolution
		{C5716B9B-EBF6-4E68-864B-E741FB7415D0}.Debug|Any CPU.ActiveCfg = Debug|Any CPU
		{C5716B9B-EBF6-4E68-864B-E741FB7415D0}.Debug|Any CPU.Build.0 = Debug|Any CPU
		{C5716B9B-EBF6-4E68-864B-E741FB7415D0}.Release|Any CPU.ActiveCfg = Release|Any CPU
		{C5716B9B-EBF6-4E68-864B-E741FB7415D0}.Release|Any CPU.Build.0 = Release|Any CPU
	EndGlobalSection
	GlobalSection(SolutionProperties) = preSolution
		HideSolutionNode = FALSE
	EndGlobalSection
	GlobalSection(ExtensibilityGlobals) = postSolution
		SolutionGuid = {43CD2A8A-31F8-4CC6-827D-49613FFAD236}
	EndGlobalSection
EndGlobal
